
Microsoft Visual Studio Solution File, Format Version 12.00
# Visual Studio Version 17
VisualStudioVersion = 17.0.32014.148
MinimumVisualStudioVersion = 10.0.40219.1
Project("{FAE04EC0-301F-11D3-BF4B-00C04F79EFBC}") = "Checkpoint_2", "Checkpoint_2.csproj", "{B2626A10-4D11-41E5-99FB-BDE37A62D982}"
EndProject
Global
	GlobalSection(SolutionConfigurationPlatforms) = preSolution
		Debug|Any CPU = Debug|Any CPU
		Release|Any CPU = Release|Any CPU
	EndGlobalSection
	GlobalSection(ProjectConfigurationPlatforms) = postSolution
		{B2626A10-4D11-41E5-99FB-BDE37A62D982}.Debug|Any CPU.ActiveCfg = Debug|Any CPU
		{B2626A10-4D11-41E5-99FB-BDE37A62D982}.Debug|Any CPU.Build.0 = Debug|Any CPU
		{B2626A10-4D11-41E5-99FB-BDE37A62D982}.Release|Any CPU.ActiveCfg = Release|Any CPU
		{B2626A10-4D11-41E5-99FB-BDE37A62D982}.Release|Any CPU.Build.0 = Release|Any CPU
	EndGlobalSection
	GlobalSection(SolutionProperties) = preSolution
		HideSolutionNode = FALSE
	EndGlobalSection
	GlobalSection(ExtensibilityGlobals) = postSolution
		SolutionGuid = {10478D3A-8C11-4AC5-8EA5-9A1CF72947B1}
	EndGlobalSection
EndGlobal
