
Microsoft Visual Studio Solution File, Format Version 12.00
# Visual Studio Version 17
VisualStudioVersion = 17.0.32014.148
MinimumVisualStudioVersion = 10.0.40219.1
Project("{9A19103F-16F7-4668-BE54-9A1E7A4F7556}") = "Checkpoint_1_plus", "Checkpoint_1_plus.csproj", "{D1B4325F-C439-4AD8-8D8F-95149AC7BC80}"
EndProject
Global
	GlobalSection(SolutionConfigurationPlatforms) = preSolution
		Debug|Any CPU = Debug|Any CPU
		Release|Any CPU = Release|Any CPU
	EndGlobalSection
	GlobalSection(ProjectConfigurationPlatforms) = postSolution
		{D1B4325F-C439-4AD8-8D8F-95149AC7BC80}.Debug|Any CPU.ActiveCfg = Debug|Any CPU
		{D1B4325F-C439-4AD8-8D8F-95149AC7BC80}.Debug|Any CPU.Build.0 = Debug|Any CPU
		{D1B4325F-C439-4AD8-8D8F-95149AC7BC80}.Release|Any CPU.ActiveCfg = Release|Any CPU
		{D1B4325F-C439-4AD8-8D8F-95149AC7BC80}.Release|Any CPU.Build.0 = Release|Any CPU
	EndGlobalSection
	GlobalSection(SolutionProperties) = preSolution
		HideSolutionNode = FALSE
	EndGlobalSection
	GlobalSection(ExtensibilityGlobals) = postSolution
		SolutionGuid = {892A4755-4DE0-4AB5-B98B-ECB28B326A82}
	EndGlobalSection
EndGlobal
